
Microsoft Visual Studio Solution File, Format Version 12.00
# Visual Studio Version 17
VisualStudioVersion = 17.6.33829.357
MinimumVisualStudioVersion = 10.0.40219.1
Project("{FAE04EC0-301F-11D3-BF4B-00C04F79EFBC}") = "Sliding Block Puzzle.UWP", "Sliding Block Puzzle\Sliding Block Puzzle.UWP\Sliding Block Puzzle.UWP.csproj", "{5BA80EE2-3ED7-463A-BBD3-5A64ACEFF44C}"
EndProject
Project("{FAE04EC0-301F-11D3-BF4B-00C04F79EFBC}") = "Sliding Block Puzzle.Android", "Sliding Block Puzzle\Sliding Block Puzzle.Android\Sliding Block Puzzle.Android.csproj", "{E872FF71-6690-4C3A-AB38-477F8B37A213}"
EndProject
Project("{FAE04EC0-301F-11D3-BF4B-00C04F79EFBC}") = "Sliding Block Puzzle.iOS", "Sliding Block Puzzle\Sliding Block Puzzle.iOS\Sliding Block Puzzle.iOS.csproj", "{E98D544B-AA9C-4076-B694-4FF147D2E9D4}"
EndProject
Project("{FAE04EC0-301F-11D3-BF4B-00C04F79EFBC}") = "Sliding Block Puzzle", "Sliding Block Puzzle\Sliding Block Puzzle\Sliding Block Puzzle.csproj", "{5909F8B6-E03B-4785-ADC0-409D93524C06}"
EndProject
Global
	GlobalSection(SolutionConfigurationPlatforms) = preSolution
		Debug|Any CPU = Debug|Any CPU
		Debug|ARM = Debug|ARM
		Debug|iPhone = Debug|iPhone
		Debug|iPhoneSimulator = Debug|iPhoneSimulator
		Debug|x64 = Debug|x64
		Debug|x86 = Debug|x86
		Release|Any CPU = Release|Any CPU
		Release|ARM = Release|ARM
		Release|iPhone = Release|iPhone
		Release|iPhoneSimulator = Release|iPhoneSimulator
		Release|x64 = Release|x64
		Release|x86 = Release|x86
	EndGlobalSection
	GlobalSection(ProjectConfigurationPlatforms) = postSolution
		{5BA80EE2-3ED7-463A-BBD3-5A64ACEFF44C}.Debug|Any CPU.ActiveCfg = Debug|x64
		{5BA80EE2-3ED7-463A-BBD3-5A64ACEFF44C}.Debug|Any CPU.Build.0 = Debug|x64
		{5BA80EE2-3ED7-463A-BBD3-5A64ACEFF44C}.Debug|Any CPU.Deploy.0 = Debug|x64
		{5BA80EE2-3ED7-463A-BBD3-5A64ACEFF44C}.Debug|ARM.ActiveCfg = Debug|ARM
		{5BA80EE2-3ED7-463A-BBD3-5A64ACEFF44C}.Debug|ARM.Build.0 = Debug|ARM
		{5BA80EE2-3ED7-463A-BBD3-5A64ACEFF44C}.Debug|ARM.Deploy.0 = Debug|ARM
		{5BA80EE2-3ED7-463A-BBD3-5A64ACEFF44C}.Debug|iPhone.ActiveCfg = Debug|x64
		{5BA80EE2-3ED7-463A-BBD3-5A64ACEFF44C}.Debug|iPhone.Build.0 = Debug|x64
		{5BA80EE2-3ED7-463A-BBD3-5A64ACEFF44C}.Debug|iPhone.Deploy.0 = Debug|x64
		{5BA80EE2-3ED7-463A-BBD3-5A64ACEFF44C}.Debug|iPhoneSimulator.ActiveCfg = Debug|x64
		{5BA80EE2-3ED7-463A-BBD3-5A64ACEFF44C}.Debug|iPhoneSimulator.Build.0 = Debug|x64
		{5BA80EE2-3ED7-463A-BBD3-5A64ACEFF44C}.Debug|iPhoneSimulator.Deploy.0 = Debug|x64
		{5BA80EE2-3ED7-463A-BBD3-5A64ACEFF44C}.Debug|x64.ActiveCfg = Debug|x64
		{5BA80EE2-3ED7-463A-BBD3-5A64ACEFF44C}.Debug|x64.Build.0 = Debug|x64
		{5BA80EE2-3ED7-463A-BBD3-5A64ACEFF44C}.Debug|x64.Deploy.0 = Debug|x64
		{5BA80EE2-3ED7-463A-BBD3-5A64ACEFF44C}.Debug|x86.ActiveCfg = Debug|x86
		{5BA80EE2-3ED7-463A-BBD3-5A64ACEFF44C}.Debug|x86.Build.0 = Debug|x86
		{5BA80EE2-3ED7-463A-BBD3-5A64ACEFF44C}.Debug|x86.Deploy.0 = Debug|x86
		{5BA80EE2-3ED7-463A-BBD3-5A64ACEFF44C}.Release|Any CPU.ActiveCfg = Release|x64
		{5BA80EE2-3ED7-463A-BBD3-5A64ACEFF44C}.Release|Any CPU.Build.0 = Release|x64
		{5BA80EE2-3ED7-463A-BBD3-5A64ACEFF44C}.Release|Any CPU.Deploy.0 = Release|x64
		{5BA80EE2-3ED7-463A-BBD3-5A64ACEFF44C}.Release|ARM.ActiveCfg = Release|ARM
		{5BA80EE2-3ED7-463A-BBD3-5A64ACEFF44C}.Release|ARM.Build.0 = Release|ARM
		{5BA80EE2-3ED7-463A-BBD3-5A64ACEFF44C}.Release|ARM.Deploy.0 = Release|ARM
		{5BA80EE2-3ED7-463A-BBD3-5A64ACEFF44C}.Release|iPhone.ActiveCfg = Release|x64
		{5BA80EE2-3ED7-463A-BBD3-5A64ACEFF44C}.Release|iPhone.Build.0 = Release|x64
		{5BA80EE2-3ED7-463A-BBD3-5A64ACEFF44C}.Release|iPhone.Deploy.0 = Release|x64
		{5BA80EE2-3ED7-463A-BBD3-5A64ACEFF44C}.Release|iPhoneSimulator.ActiveCfg = Release|x64
		{5BA80EE2-3ED7-463A-BBD3-5A64ACEFF44C}.Release|iPhoneSimulator.Build.0 = Release|x64
		{5BA80EE2-3ED7-463A-BBD3-5A64ACEFF44C}.Release|iPhoneSimulator.Deploy.0 = Release|x64
		{5BA80EE2-3ED7-463A-BBD3-5A64ACEFF44C}.Release|x64.ActiveCfg = Release|x64
		{5BA80EE2-3ED7-463A-BBD3-5A64ACEFF44C}.Release|x64.Build.0 = Release|x64
		{5BA80EE2-3ED7-463A-BBD3-5A64ACEFF44C}.Release|x64.Deploy.0 = Release|x64
		{5BA80EE2-3ED7-463A-BBD3-5A64ACEFF44C}.Release|x86.ActiveCfg = Release|x86
		{5BA80EE2-3ED7-463A-BBD3-5A64ACEFF44C}.Release|x86.Build.0 = Release|x86
		{5BA80EE2-3ED7-463A-BBD3-5A64ACEFF44C}.Release|x86.Deploy.0 = Release|x86
		{E872FF71-6690-4C3A-AB38-477F8B37A213}.Debug|Any CPU.ActiveCfg = Debug|Any CPU
		{E872FF71-6690-4C3A-AB38-477F8B37A213}.Debug|Any CPU.Build.0 = Debug|Any CPU
		{E872FF71-6690-4C3A-AB38-477F8B37A213}.Debug|Any CPU.Deploy.0 = Debug|Any CPU
		{E872FF71-6690-4C3A-AB38-477F8B37A213}.Debug|ARM.ActiveCfg = Debug|Any CPU
		{E872FF71-6690-4C3A-AB38-477F8B37A213}.Debug|ARM.Build.0 = Debug|Any CPU
		{E872FF71-6690-4C3A-AB38-477F8B37A213}.Debug|ARM.Deploy.0 = Debug|Any CPU
		{E872FF71-6690-4C3A-AB38-477F8B37A213}.Debug|iPhone.ActiveCfg = Debug|Any CPU
		{E872FF71-6690-4C3A-AB38-477F8B37A213}.Debug|iPhone.Build.0 = Debug|Any CPU
		{E872FF71-6690-4C3A-AB38-477F8B37A213}.Debug|iPhone.Deploy.0 = Debug|Any CPU
		{E872FF71-6690-4C3A-AB38-477F8B37A213}.Debug|iPhoneSimulator.ActiveCfg = Debug|Any CPU
		{E872FF71-6690-4C3A-AB38-477F8B37A213}.Debug|iPhoneSimulator.Build.0 = Debug|Any CPU
		{E872FF71-6690-4C3A-AB38-477F8B37A213}.Debug|iPhoneSimulator.Deploy.0 = Debug|Any CPU
		{E872FF71-6690-4C3A-AB38-477F8B37A213}.Debug|x64.ActiveCfg = Debug|Any CPU
		{E872FF71-6690-4C3A-AB38-477F8B37A213}.Debug|x64.Build.0 = Debug|Any CPU
		{E872FF71-6690-4C3A-AB38-477F8B37A213}.Debug|x64.Deploy.0 = Debug|Any CPU
		{E872FF71-6690-4C3A-AB38-477F8B37A213}.Debug|x86.ActiveCfg = Debug|Any CPU
		{E872FF71-6690-4C3A-AB38-477F8B37A213}.Debug|x86.Build.0 = Debug|Any CPU
		{E872FF71-6690-4C3A-AB38-477F8B37A213}.Debug|x86.Deploy.0 = Debug|Any CPU
		{E872FF71-6690-4C3A-AB38-477F8B37A213}.Release|Any CPU.ActiveCfg = Release|Any CPU
		{E872FF71-6690-4C3A-AB38-477F8B37A213}.Release|Any CPU.Build.0 = Release|Any CPU
		{E872FF71-6690-4C3A-AB38-477F8B37A213}.Release|Any CPU.Deploy.0 = Release|Any CPU
		{E872FF71-6690-4C3A-AB38-477F8B37A213}.Release|ARM.ActiveCfg = Release|Any CPU
		{E872FF71-6690-4C3A-AB38-477F8B37A213}.Release|ARM.Build.0 = Release|Any CPU
		{E872FF71-6690-4C3A-AB38-477F8B37A213}.Release|ARM.Deploy.0 = Release|Any CPU
		{E872FF71-6690-4C3A-AB38-477F8B37A213}.Release|iPhone.ActiveCfg = Release|Any CPU
		{E872FF71-6690-4C3A-AB38-477F8B37A213}.Release|iPhone.Build.0 = Release|Any CPU
		{E872FF71-6690-4C3A-AB38-477F8B37A213}.Release|iPhone.Deploy.0 = Release|Any CPU
		{E872FF71-6690-4C3A-AB38-477F8B37A213}.Release|iPhoneSimulator.ActiveCfg = Release|Any CPU
		{E872FF71-6690-4C3A-AB38-477F8B37A213}.Release|iPhoneSimulator.Build.0 = Release|Any CPU
		{E872FF71-6690-4C3A-AB38-477F8B37A213}.Release|iPhoneSimulator.Deploy.0 = Release|Any CPU
		{E872FF71-6690-4C3A-AB38-477F8B37A213}.Release|x64.ActiveCfg = Release|Any CPU
		{E872FF71-6690-4C3A-AB38-477F8B37A213}.Release|x64.Build.0 = Release|Any CPU
		{E872FF71-6690-4C3A-AB38-477F8B37A213}.Release|x64.Deploy.0 = Release|Any CPU
		{E872FF71-6690-4C3A-AB38-477F8B37A213}.Release|x86.ActiveCfg = Release|Any CPU
		{E872FF71-6690-4C3A-AB38-477F8B37A213}.Release|x86.Build.0 = Release|Any CPU
		{E872FF71-6690-4C3A-AB38-477F8B37A213}.Release|x86.Deploy.0 = Release|Any CPU
		{E98D544B-AA9C-4076-B694-4FF147D2E9D4}.Debug|Any CPU.ActiveCfg = Debug|iPhoneSimulator
		{E98D544B-AA9C-4076-B694-4FF147D2E9D4}.Debug|Any CPU.Build.0 = Debug|iPhoneSimulator
		{E98D544B-AA9C-4076-B694-4FF147D2E9D4}.Debug|Any CPU.Deploy.0 = Debug|iPhoneSimulator
		{E98D544B-AA9C-4076-B694-4FF147D2E9D4}.Debug|ARM.ActiveCfg = Debug|iPhoneSimulator
		{E98D544B-AA9C-4076-B694-4FF147D2E9D4}.Debug|ARM.Build.0 = Debug|iPhoneSimulator
		{E98D544B-AA9C-4076-B694-4FF147D2E9D4}.Debug|ARM.Deploy.0 = Debug|iPhoneSimulator
		{E98D544B-AA9C-4076-B694-4FF147D2E9D4}.Debug|iPhone.ActiveCfg = Debug|iPhone
		{E98D544B-AA9C-4076-B694-4FF147D2E9D4}.Debug|iPhone.Build.0 = Debug|iPhone
		{E98D544B-AA9C-4076-B694-4FF147D2E9D4}.Debug|iPhone.Deploy.0 = Debug|iPhone
		{E98D544B-AA9C-4076-B694-4FF147D2E9D4}.Debug|iPhoneSimulator.ActiveCfg = Debug|iPhoneSimulator
		{E98D544B-AA9C-4076-B694-4FF147D2E9D4}.Debug|iPhoneSimulator.Build.0 = Debug|iPhoneSimulator
		{E98D544B-AA9C-4076-B694-4FF147D2E9D4}.Debug|iPhoneSimulator.Deploy.0 = Debug|iPhoneSimulator
		{E98D544B-AA9C-4076-B694-4FF147D2E9D4}.Debug|x64.ActiveCfg = Debug|iPhone
		{E98D544B-AA9C-4076-B694-4FF147D2E9D4}.Debug|x64.Build.0 = Debug|iPhone
		{E98D544B-AA9C-4076-B694-4FF147D2E9D4}.Debug|x64.Deploy.0 = Debug|iPhone
		{E98D544B-AA9C-4076-B694-4FF147D2E9D4}.Debug|x86.ActiveCfg = Debug|iPhoneSimulator
		{E98D544B-AA9C-4076-B694-4FF147D2E9D4}.Debug|x86.Build.0 = Debug|iPhoneSimulator
		{E98D544B-AA9C-4076-B694-4FF147D2E9D4}.Debug|x86.Deploy.0 = Debug|iPhoneSimulator
		{E98D544B-AA9C-4076-B694-4FF147D2E9D4}.Release|Any CPU.ActiveCfg = Release|iPhoneSimulator
		{E98D544B-AA9C-4076-B694-4FF147D2E9D4}.Release|Any CPU.Build.0 = Release|iPhoneSimulator
		{E98D544B-AA9C-4076-B694-4FF147D2E9D4}.Release|Any CPU.Deploy.0 = Release|iPhoneSimulator
		{E98D544B-AA9C-4076-B694-4FF147D2E9D4}.Release|ARM.ActiveCfg = Release|iPhoneSimulator
		{E98D544B-AA9C-4076-B694-4FF147D2E9D4}.Release|ARM.Build.0 = Release|iPhoneSimulator
		{E98D544B-AA9C-4076-B694-4FF147D2E9D4}.Release|ARM.Deploy.0 = Release|iPhoneSimulator
		{E98D544B-AA9C-4076-B694-4FF147D2E9D4}.Release|iPhone.ActiveCfg = Release|iPhone
		{E98D544B-AA9C-4076-B694-4FF147D2E9D4}.Release|iPhone.Build.0 = Release|iPhone
		{E98D544B-AA9C-4076-B694-4FF147D2E9D4}.Release|iPhone.Deploy.0 = Release|iPhone
		{E98D544B-AA9C-4076-B694-4FF147D2E9D4}.Release|iPhoneSimulator.ActiveCfg = Release|iPhoneSimulator
		{E98D544B-AA9C-4076-B694-4FF147D2E9D4}.Release|iPhoneSimulator.Build.0 = Release|iPhoneSimulator
		{E98D544B-AA9C-4076-B694-4FF147D2E9D4}.Release|iPhoneSimulator.Deploy.0 = Release|iPhoneSimulator
		{E98D544B-AA9C-4076-B694-4FF147D2E9D4}.Release|x64.ActiveCfg = Release|iPhoneSimulator
		{E98D544B-AA9C-4076-B694-4FF147D2E9D4}.Release|x64.Build.0 = Release|iPhoneSimulator
		{E98D544B-AA9C-4076-B694-4FF147D2E9D4}.Release|x64.Deploy.0 = Release|iPhoneSimulator
		{E98D544B-AA9C-4076-B694-4FF147D2E9D4}.Release|x86.ActiveCfg = Release|iPhoneSimulator
		{E98D544B-AA9C-4076-B694-4FF147D2E9D4}.Release|x86.Build.0 = Release|iPhoneSimulator
		{E98D544B-AA9C-4076-B694-4FF147D2E9D4}.Release|x86.Deploy.0 = Release|iPhoneSimulator
		{5909F8B6-E03B-4785-ADC0-409D93524C06}.Debug|Any CPU.ActiveCfg = Debug|Any CPU
		{5909F8B6-E03B-4785-ADC0-409D93524C06}.Debug|Any CPU.Build.0 = Debug|Any CPU
		{5909F8B6-E03B-4785-ADC0-409D93524C06}.Debug|Any CPU.Deploy.0 = Debug|Any CPU
		{5909F8B6-E03B-4785-ADC0-409D93524C06}.Debug|ARM.ActiveCfg = Debug|Any CPU
		{5909F8B6-E03B-4785-ADC0-409D93524C06}.Debug|ARM.Build.0 = Debug|Any CPU
		{5909F8B6-E03B-4785-ADC0-409D93524C06}.Debug|ARM.Deploy.0 = Debug|Any CPU
		{5909F8B6-E03B-4785-ADC0-409D93524C06}.Debug|iPhone.ActiveCfg = Debug|Any CPU
		{5909F8B6-E03B-4785-ADC0-409D93524C06}.Debug|iPhone.Build.0 = Debug|Any CPU
		{5909F8B6-E03B-4785-ADC0-409D93524C06}.Debug|iPhone.Deploy.0 = Debug|Any CPU
		{5909F8B6-E03B-4785-ADC0-409D93524C06}.Debug|iPhoneSimulator.ActiveCfg = Debug|Any CPU
		{5909F8B6-E03B-4785-ADC0-409D93524C06}.Debug|iPhoneSimulator.Build.0 = Debug|Any CPU
		{5909F8B6-E03B-4785-ADC0-409D93524C06}.Debug|iPhoneSimulator.Deploy.0 = Debug|Any CPU
		{5909F8B6-E03B-4785-ADC0-409D93524C06}.Debug|x64.ActiveCfg = Debug|Any CPU
		{5909F8B6-E03B-4785-ADC0-409D93524C06}.Debug|x64.Build.0 = Debug|Any CPU
		{5909F8B6-E03B-4785-ADC0-409D93524C06}.Debug|x64.Deploy.0 = Debug|Any CPU
		{5909F8B6-E03B-4785-ADC0-409D93524C06}.Debug|x86.ActiveCfg = Debug|Any CPU
		{5909F8B6-E03B-4785-ADC0-409D93524C06}.Debug|x86.Build.0 = Debug|Any CPU
		{5909F8B6-E03B-4785-ADC0-409D93524C06}.Debug|x86.Deploy.0 = Debug|Any CPU
		{5909F8B6-E03B-4785-ADC0-409D93524C06}.Release|Any CPU.ActiveCfg = Release|Any CPU
		{5909F8B6-E03B-4785-ADC0-409D93524C06}.Release|Any CPU.Build.0 = Release|Any CPU
		{5909F8B6-E03B-4785-ADC0-409D93524C06}.Release|Any CPU.Deploy.0 = Release|Any CPU
		{5909F8B6-E03B-4785-ADC0-409D93524C06}.Release|ARM.ActiveCfg = Release|Any CPU
		{5909F8B6-E03B-4785-ADC0-409D93524C06}.Release|ARM.Build.0 = Release|Any CPU
		{5909F8B6-E03B-4785-ADC0-409D93524C06}.Release|ARM.Deploy.0 = Release|Any CPU
		{5909F8B6-E03B-4785-ADC0-409D93524C06}.Release|iPhone.ActiveCfg = Release|Any CPU
		{5909F8B6-E03B-4785-ADC0-409D93524C06}.Release|iPhone.Build.0 = Release|Any CPU
		{5909F8B6-E03B-4785-ADC0-409D93524C06}.Release|iPhone.Deploy.0 = Release|Any CPU
		{5909F8B6-E03B-4785-ADC0-409D93524C06}.Release|iPhoneSimulator.ActiveCfg = Release|Any CPU
		{5909F8B6-E03B-4785-ADC0-409D93524C06}.Release|iPhoneSimulator.Build.0 = Release|Any CPU
		{5909F8B6-E03B-4785-ADC0-409D93524C06}.Release|iPhoneSimulator.Deploy.0 = Release|Any CPU
		{5909F8B6-E03B-4785-ADC0-409D93524C06}.Release|x64.ActiveCfg = Release|Any CPU
		{5909F8B6-E03B-4785-ADC0-409D93524C06}.Release|x64.Build.0 = Release|Any CPU
		{5909F8B6-E03B-4785-ADC0-409D93524C06}.Release|x64.Deploy.0 = Release|Any CPU
		{5909F8B6-E03B-4785-ADC0-409D93524C06}.Release|x86.ActiveCfg = Release|Any CPU
		{5909F8B6-E03B-4785-ADC0-409D93524C06}.Release|x86.Build.0 = Release|Any CPU
		{5909F8B6-E03B-4785-ADC0-409D93524C06}.Release|x86.Deploy.0 = Release|Any CPU
	EndGlobalSection
	GlobalSection(SolutionProperties) = preSolution
		HideSolutionNode = FALSE
	EndGlobalSection
	GlobalSection(ExtensibilityGlobals) = postSolution
		SolutionGuid = {F43AE5FD-3800-4DAE-9389-0884B7C75625}
	EndGlobalSection
EndGlobal
